
Microsoft Visual Studio Solution File, Format Version 12.00
# Visual Studio Version 17
VisualStudioVersion = 17.13.35931.197 d17.13
MinimumVisualStudioVersion = 10.0.40219.1
Project("{FAE04EC0-301F-11D3-BF4B-00C04F79EFBC}") = "FlowerShopSolutionASP", "FlowerShopSolutionASP.csproj", "{ED43EEA8-3587-45BB-8C45-3939089F6480}"
EndProject
Global
	GlobalSection(SolutionConfigurationPlatforms) = preSolution
		Debug|Any CPU = Debug|Any CPU
		Release|Any CPU = Release|Any CPU
	EndGlobalSection
	GlobalSection(ProjectConfigurationPlatforms) = postSolution
		{ED43EEA8-3587-45BB-8C45-3939089F6480}.Debug|Any CPU.ActiveCfg = Debug|Any CPU
		{ED43EEA8-3587-45BB-8C45-3939089F6480}.Debug|Any CPU.Build.0 = Debug|Any CPU
		{ED43EEA8-3587-45BB-8C45-3939089F6480}.Release|Any CPU.ActiveCfg = Release|Any CPU
		{ED43EEA8-3587-45BB-8C45-3939089F6480}.Release|Any CPU.Build.0 = Release|Any CPU
	EndGlobalSection
	GlobalSection(SolutionProperties) = preSolution
		HideSolutionNode = FALSE
	EndGlobalSection
	GlobalSection(ExtensibilityGlobals) = postSolution
		SolutionGuid = {78FF52E2-76BD-444E-9BBA-98AFA14BB333}
	EndGlobalSection
EndGlobal
